// !$*UTF8*$!
{
	archiveVersion = 1;
	classes = {
	};
	objectVersion = 46;
	objects = {

/* Begin PBXBuildFile section */
		BA367E641990C076001F6764 /* Foundation.framework in Frameworks */ = {isa = PBXBuildFile; fileRef = BA367E631990C076001F6764 /* Foundation.framework */; };
		BA367E661990C076001F6764 /* CoreGraphics.framework in Frameworks */ = {isa = PBXBuildFile; fileRef = BA367E651990C076001F6764 /* CoreGraphics.framework */; };
		BA367E681990C076001F6764 /* UIKit.framework in Frameworks */ = {isa = PBXBuildFile; fileRef = BA367E671990C076001F6764 /* UIKit.framework */; };
		BA367E6E1990C077001F6764 /* InfoPlist.strings in Resources */ = {isa = PBXBuildFile; fileRef = BA367E6C1990C077001F6764 /* InfoPlist.strings */; };
		BA367E701990C077001F6764 /* main.m in Sources */ = {isa = PBXBuildFile; fileRef = BA367E6F1990C077001F6764 /* main.m */; };
		BA367E741990C077001F6764 /* KJAppDelegate.m in Sources */ = {isa = PBXBuildFile; fileRef = BA367E731990C077001F6764 /* KJAppDelegate.m */; };
		BA367E771990C077001F6764 /* Main.storyboard in Resources */ = {isa = PBXBuildFile; fileRef = BA367E751990C077001F6764 /* Main.storyboard */; };
		BA367E7C1990C077001F6764 /* Images.xcassets in Resources */ = {isa = PBXBuildFile; fileRef = BA367E7B1990C077001F6764 /* Images.xcassets */; };
		BA367E831990C077001F6764 /* XCTest.framework in Frameworks */ = {isa = PBXBuildFile; fileRef = BA367E821990C077001F6764 /* XCTest.framework */; };
		BA367E841990C077001F6764 /* Foundation.framework in Frameworks */ = {isa = PBXBuildFile; fileRef = BA367E631990C076001F6764 /* Foundation.framework */; };
		BA367E851990C077001F6764 /* UIKit.framework in Frameworks */ = {isa = PBXBuildFile; fileRef = BA367E671990C076001F6764 /* UIKit.framework */; };
		BA367E8D1990C077001F6764 /* InfoPlist.strings in Resources */ = {isa = PBXBuildFile; fileRef = BA367E8B1990C077001F6764 /* InfoPlist.strings */; };
		BA367E8F1990C077001F6764 /* UtilitiesTests.m in Sources */ = {isa = PBXBuildFile; fileRef = BA367E8E1990C077001F6764 /* UtilitiesTests.m */; };
		BA367E9A1990C17B001F6764 /* KJUtil.m in Sources */ = {isa = PBXBuildFile; fileRef = BA367E991990C17B001F6764 /* KJUtil.m */; };
/* End PBXBuildFile section */

/* Begin PBXContainerItemProxy section */
		BA367E861990C077001F6764 /* PBXContainerItemProxy */ = {
			isa = PBXContainerItemProxy;
			containerPortal = BA367E581990C076001F6764 /* Project object */;
			proxyType = 1;
			remoteGlobalIDString = BA367E5F1990C076001F6764;
			remoteInfo = Utilities;
		};
/* End PBXContainerItemProxy section */

/* Begin PBXFileReference section */
		BA367E601990C076001F6764 /* Utilities.app */ = {isa = PBXFileReference; explicitFileType = wrapper.application; includeInIndex = 0; path = Utilities.app; sourceTree = BUILT_PRODUCTS_DIR; };
		BA367E631990C076001F6764 /* Foundation.framework */ = {isa = PBXFileReference; lastKnownFileType = wrapper.framework; name = Foundation.framework; path = System/Library/Frameworks/Foundation.framework; sourceTree = SDKROOT; };
		BA367E651990C076001F6764 /* CoreGraphics.framework */ = {isa = PBXFileReference; lastKnownFileType = wrapper.framework; name = CoreGraphics.framework; path = System/Library/Frameworks/CoreGraphics.framework; sourceTree = SDKROOT; };
		BA367E671990C076001F6764 /* UIKit.framework */ = {isa = PBXFileReference; lastKnownFileType = wrapper.framework; name = UIKit.framework; path = System/Library/Frameworks/UIKit.framework; sourceTree = SDKROOT; };
		BA367E6B1990C076001F6764 /* Utilities-Info.plist */ = {isa = PBXFileReference; lastKnownFileType = text.plist.xml; path = "Utilities-Info.plist"; sourceTree = "<group>"; };
		BA367E6D1990C077001F6764 /* en */ = {isa = PBXFileReference; lastKnownFileType = text.plist.strings; name = en; path = en.lproj/InfoPlist.strings; sourceTree = "<group>"; };
		BA367E6F1990C077001F6764 /* main.m */ = {isa = PBXFileReference; lastKnownFileType = sourcecode.c.objc; path = main.m; sourceTree = "<group>"; };
		BA367E711990C077001F6764 /* Utilities-Prefix.pch */ = {isa = PBXFileReference; lastKnownFileType = sourcecode.c.h; path = "Utilities-Prefix.pch"; sourceTree = "<group>"; };
		BA367E721990C077001F6764 /* KJAppDelegate.h */ = {isa = PBXFileReference; lastKnownFileType = sourcecode.c.h; path = KJAppDelegate.h; sourceTree = "<group>"; };
		BA367E731990C077001F6764 /* KJAppDelegate.m */ = {isa = PBXFileReference; lastKnownFileType = sourcecode.c.objc; path = KJAppDelegate.m; sourceTree = "<group>"; };
		BA367E761990C077001F6764 /* Base */ = {isa = PBXFileReference; lastKnownFileType = file.storyboard; name = Base; path = Base.lproj/Main.storyboard; sourceTree = "<group>"; };
		BA367E7B1990C077001F6764 /* Images.xcassets */ = {isa = PBXFileReference; lastKnownFileType = folder.assetcatalog; path = Images.xcassets; sourceTree = "<group>"; };
		BA367E811990C077001F6764 /* UtilitiesTests.xctest */ = {isa = PBXFileReference; explicitFileType = wrapper.cfbundle; includeInIndex = 0; path = UtilitiesTests.xctest; sourceTree = BUILT_PRODUCTS_DIR; };
		BA367E821990C077001F6764 /* XCTest.framework */ = {isa = PBXFileReference; lastKnownFileType = wrapper.framework; name = XCTest.framework; path = Library/Frameworks/XCTest.framework; sourceTree = DEVELOPER_DIR; };
		BA367E8A1990C077001F6764 /* UtilitiesTests-Info.plist */ = {isa = PBXFileReference; lastKnownFileType = text.plist.xml; path = "UtilitiesTests-Info.plist"; sourceTree = "<group>"; };
		BA367E8C1990C077001F6764 /* en */ = {isa = PBXFileReference; lastKnownFileType = text.plist.strings; name = en; path = en.lproj/InfoPlist.strings; sourceTree = "<group>"; };
		BA367E8E1990C077001F6764 /* UtilitiesTests.m */ = {isa = PBXFileReference; lastKnownFileType = sourcecode.c.objc; path = UtilitiesTests.m; sourceTree = "<group>"; };
		BA367E981990C17B001F6764 /* KJUtil.h */ = {isa = PBXFileReference; fileEncoding = 4; lastKnownFileType = sourcecode.c.h; path = KJUtil.h; sourceTree = "<group>"; };
		BA367E991990C17B001F6764 /* KJUtil.m */ = {isa = PBXFileReference; fileEncoding = 4; lastKnownFileType = sourcecode.c.objc; path = KJUtil.m; sourceTree = "<group>"; };
/* End PBXFileReference section */

/* Begin PBXFrameworksBuildPhase section */
		BA367E5D1990C076001F6764 /* Frameworks */ = {
			isa = PBXFrameworksBuildPhase;
			buildActionMask = 2147483647;
			files = (
				BA367E661990C076001F6764 /* CoreGraphics.framework in Frameworks */,
				BA367E681990C076001F6764 /* UIKit.framework in Frameworks */,
				BA367E641990C076001F6764 /* Foundation.framework in Frameworks */,
			);
			runOnlyForDeploymentPostprocessing = 0;
		};
		BA367E7E1990C077001F6764 /* Frameworks */ = {
			isa = PBXFrameworksBuildPhase;
			buildActionMask = 2147483647;
			files = (
				BA367E831990C077001F6764 /* XCTest.framework in Frameworks */,
				BA367E851990C077001F6764 /* UIKit.framework in Frameworks */,
				BA367E841990C077001F6764 /* Foundation.framework in Frameworks */,
			);
			runOnlyForDeploymentPostprocessing = 0;
		};
/* End PBXFrameworksBuildPhase section */

/* Begin PBXGroup section */
		BA367E571990C076001F6764 = {
			isa = PBXGroup;
			children = (
				BA367E691990C076001F6764 /* Utilities */,
				BA367E881990C077001F6764 /* UtilitiesTests */,
				BA367E621990C076001F6764 /* Frameworks */,
				BA367E611990C076001F6764 /* Products */,
			);
			sourceTree = "<group>";
		};
		BA367E611990C076001F6764 /* Products */ = {
			isa = PBXGroup;
			children = (
				BA367E601990C076001F6764 /* Utilities.app */,
				BA367E811990C077001F6764 /* UtilitiesTests.xctest */,
			);
			name = Products;
			sourceTree = "<group>";
		};
		BA367E621990C076001F6764 /* Frameworks */ = {
			isa = PBXGroup;
			children = (
				BA367E631990C076001F6764 /* Foundation.framework */,
				BA367E651990C076001F6764 /* CoreGraphics.framework */,
				BA367E671990C076001F6764 /* UIKit.framework */,
				BA367E821990C077001F6764 /* XCTest.framework */,
			);
			name = Frameworks;
			sourceTree = "<group>";
		};
		BA367E691990C076001F6764 /* Utilities */ = {
			isa = PBXGroup;
			children = (
				BA367E721990C077001F6764 /* KJAppDelegate.h */,
				BA367E731990C077001F6764 /* KJAppDelegate.m */,
				BA367E751990C077001F6764 /* Main.storyboard */,
				BA367E981990C17B001F6764 /* KJUtil.h */,
				BA367E991990C17B001F6764 /* KJUtil.m */,
				BA367E7B1990C077001F6764 /* Images.xcassets */,
				BA367E6A1990C076001F6764 /* Supporting Files */,
			);
			path = Utilities;
			sourceTree = "<group>";
		};
		BA367E6A1990C076001F6764 /* Supporting Files */ = {
			isa = PBXGroup;
			children = (
				BA367E6B1990C076001F6764 /* Utilities-Info.plist */,
				BA367E6C1990C077001F6764 /* InfoPlist.strings */,
				BA367E6F1990C077001F6764 /* main.m */,
				BA367E711990C077001F6764 /* Utilities-Prefix.pch */,
			);
			name = "Supporting Files";
			sourceTree = "<group>";
		};
		BA367E881990C077001F6764 /* UtilitiesTests */ = {
			isa = PBXGroup;
			children = (
				BA367E8E1990C077001F6764 /* UtilitiesTests.m */,
				BA367E891990C077001F6764 /* Supporting Files */,
			);
			path = UtilitiesTests;
			sourceTree = "<group>";
		};
		BA367E891990C077001F6764 /* Supporting Files */ = {
			isa = PBXGroup;
			children = (
				BA367E8A1990C077001F6764 /* UtilitiesTests-Info.plist */,
				BA367E8B1990C077001F6764 /* InfoPlist.strings */,
			);
			name = "Supporting Files";
			sourceTree = "<group>";
		};
/* End PBXGroup section */

/* Begin PBXNativeTarget section */
		BA367E5F1990C076001F6764 /* Utilities */ = {
			isa = PBXNativeTarget;
			buildConfigurationList = BA367E921990C077001F6764 /* Build configuration list for PBXNativeTarget "Utilities" */;
			buildPhases = (
				BA367E5C1990C076001F6764 /* Sources */,
				BA367E5D1990C076001F6764 /* Frameworks */,
				BA367E5E1990C076001F6764 /* Resources */,
			);
			buildRules = (
			);
			dependencies = (
			);
			name = Utilities;
			productName = Utilities;
			productReference = BA367E601990C076001F6764 /* Utilities.app */;
			productType = "com.apple.product-type.application";
		};
		BA367E801990C077001F6764 /* UtilitiesTests */ = {
			isa = PBXNativeTarget;
			buildConfigurationList = BA367E951990C077001F6764 /* Build configuration list for PBXNativeTarget "UtilitiesTests" */;
			buildPhases = (
				BA367E7D1990C077001F6764 /* Sources */,
				BA367E7E1990C077001F6764 /* Frameworks */,
				BA367E7F1990C077001F6764 /* Resources */,
			);
			buildRules = (
			);
			dependencies = (
				BA367E871990C077001F6764 /* PBXTargetDependency */,
			);
			name = UtilitiesTests;
			productName = UtilitiesTests;
			productReference = BA367E811990C077001F6764 /* UtilitiesTests.xctest */;
			productType = "com.apple.product-type.bundle.unit-test";
		};
/* End PBXNativeTarget section */

/* Begin PBXProject section */
		BA367E581990C076001F6764 /* Project object */ = {
			isa = PBXProject;
			attributes = {
				CLASSPREFIX = KJ;
				LastUpgradeCheck = 0510;
				ORGANIZATIONNAME = Kenji;
				TargetAttributes = {
					BA367E801990C077001F6764 = {
						TestTargetID = BA367E5F1990C076001F6764;
					};
				};
			};
			buildConfigurationList = BA367E5B1990C076001F6764 /* Build configuration list for PBXProject "Utilities" */;
			compatibilityVersion = "Xcode 3.2";
			developmentRegion = English;
			hasScannedForEncodings = 0;
			knownRegions = (
				en,
				Base,
			);
			mainGroup = BA367E571990C076001F6764;
			productRefGroup = BA367E611990C076001F6764 /* Products */;
			projectDirPath = "";
			projectRoot = "";
			targets = (
				BA367E5F1990C076001F6764 /* Utilities */,
				BA367E801990C077001F6764 /* UtilitiesTests */,
			);
		};
/* End PBXProject section */

/* Begin PBXResourcesBuildPhase section */
		BA367E5E1990C076001F6764 /* Resources */ = {
			isa = PBXResourcesBuildPhase;
			buildActionMask = 2147483647;
			files = (
				BA367E7C1990C077001F6764 /* Images.xcassets in Resources */,
				BA367E6E1990C077001F6764 /* InfoPlist.strings in Resources */,
				BA367E771990C077001F6764 /* Main.storyboard in Resources */,
			);
			runOnlyForDeploymentPostprocessing = 0;
		};
		BA367E7F1990C077001F6764 /* Resources */ = {
			isa = PBXResourcesBuildPhase;
			buildActionMask = 2147483647;
			files = (
				BA367E8D1990C077001F6764 /* InfoPlist.strings in Resources */,
			);
			runOnlyForDeploymentPostprocessing = 0;
		};
/* End PBXResourcesBuildPhase section */

/* Begin PBXSourcesBuildPhase section */
		BA367E5C1990C076001F6764 /* Sources */ = {
			isa = PBXSourcesBuildPhase;
			buildActionMask = 2147483647;
			files = (
				BA367E701990C077001F6764 /* main.m in Sources */,
				BA367E741990C077001F6764 /* KJAppDelegate.m in Sources */,
				BA367E9A1990C17B001F6764 /* KJUtil.m in Sources */,
			);
			runOnlyForDeploymentPostprocessing = 0;
		};
		BA367E7D1990C077001F6764 /* Sources */ = {
			isa = PBXSourcesBuildPhase;
			buildActionMask = 2147483647;
			files = (
				BA367E8F1990C077001F6764 /* UtilitiesTests.m in Sources */,
			);
			runOnlyForDeploymentPostprocessing = 0;
		};
/* End PBXSourcesBuildPhase section */

/* Begin PBXTargetDependency section */
		BA367E871990C077001F6764 /* PBXTargetDependency */ = {
			isa = PBXTargetDependency;
			target = BA367E5F1990C076001F6764 /* Utilities */;
			targetProxy = BA367E861990C077001F6764 /* PBXContainerItemProxy */;
		};
/* End PBXTargetDependency section */

/* Begin PBXVariantGroup section */
		BA367E6C1990C077001F6764 /* InfoPlist.strings */ = {
			isa = PBXVariantGroup;
			children = (
				BA367E6D1990C077001F6764 /* en */,
			);
			name = InfoPlist.strings;
			sourceTree = "<group>";
		};
		BA367E751990C077001F6764 /* Main.storyboard */ = {
			isa = PBXVariantGroup;
			children = (
				BA367E761990C077001F6764 /* Base */,
			);
			name = Main.storyboard;
			sourceTree = "<group>";
		};
		BA367E8B1990C077001F6764 /* InfoPlist.strings */ = {
			isa = PBXVariantGroup;
			children = (
				BA367E8C1990C077001F6764 /* en */,
			);
			name = InfoPlist.strings;
			sourceTree = "<group>";
		};
/* End PBXVariantGroup section */

/* Begin XCBuildConfiguration section */
		BA367E901990C077001F6764 /* Debug */ = {
			isa = XCBuildConfiguration;
			buildSettings = {
				ALWAYS_SEARCH_USER_PATHS = NO;
				CLANG_CXX_LANGUAGE_STANDARD = "gnu++0x";
				CLANG_CXX_LIBRARY = "libc++";
				CLANG_ENABLE_MODULES = YES;
				CLANG_ENABLE_OBJC_ARC = YES;
				CLANG_WARN_BOOL_CONVERSION = YES;
				CLANG_WARN_CONSTANT_CONVERSION = YES;
				CLANG_WARN_DIRECT_OBJC_ISA_USAGE = YES_ERROR;
				CLANG_WARN_EMPTY_BODY = YES;
				CLANG_WARN_ENUM_CONVERSION = YES;
				CLANG_WARN_INT_CONVERSION = YES;
				CLANG_WARN_OBJC_ROOT_CLASS = YES_ERROR;
				CLANG_WARN__DUPLICATE_METHOD_MATCH = YES;
				"CODE_SIGN_IDENTITY[sdk=iphoneos*]" = "iPhone Developer";
				COPY_PHASE_STRIP = NO;
				GCC_C_LANGUAGE_STANDARD = gnu99;
				GCC_DYNAMIC_NO_PIC = NO;
				GCC_OPTIMIZATION_LEVEL = 0;
				GCC_PREPROCESSOR_DEFINITIONS = (
					"DEBUG=1",
					"$(inherited)",
				);
				GCC_SYMBOLS_PRIVATE_EXTERN = NO;
				GCC_WARN_64_TO_32_BIT_CONVERSION = YES;
				GCC_WARN_ABOUT_RETURN_TYPE = YES_ERROR;
				GCC_WARN_UNDECLARED_SELECTOR = YES;
				GCC_WARN_UNINITIALIZED_AUTOS = YES_AGGRESSIVE;
				GCC_WARN_UNUSED_FUNCTION = YES;
				GCC_WARN_UNUSED_VARIABLE = YES;
				IPHONEOS_DEPLOYMENT_TARGET = 7.1;
				ONLY_ACTIVE_ARCH = YES;
				SDKROOT = iphoneos;
			};
			name = Debug;
		};
		BA367E911990C077001F6764 /* Release */ = {
			isa = XCBuildConfiguration;
			buildSettings = {
				ALWAYS_SEARCH_USER_PATHS = NO;
				CLANG_CXX_LANGUAGE_STANDARD = "gnu++0x";
				CLANG_CXX_LIBRARY = "libc++";
				CLANG_ENABLE_MODULES = YES;
				CLANG_ENABLE_OBJC_ARC = YES;
				CLANG_WARN_BOOL_CONVERSION = YES;
				CLANG_WARN_CONSTANT_CONVERSION = YES;
				CLANG_WARN_DIRECT_OBJC_ISA_USAGE = YES_ERROR;
				CLANG_WARN_EMPTY_BODY = YES;
				CLANG_WARN_ENUM_CONVERSION = YES;
				CLANG_WARN_INT_CONVERSION = YES;
				CLANG_WARN_OBJC_ROOT_CLASS = YES_ERROR;
				CLANG_WARN__DUPLICATE_METHOD_MATCH = YES;
				"CODE_SIGN_IDENTITY[sdk=iphoneos*]" = "iPhone Developer";
				COPY_PHASE_STRIP = YES;
				ENABLE_NS_ASSERTIONS = NO;
				GCC_C_LANGUAGE_STANDARD = gnu99;
				GCC_WARN_64_TO_32_BIT_CONVERSION = YES;
				GCC_WARN_ABOUT_RETURN_TYPE = YES_ERROR;
				GCC_WARN_UNDECLARED_SELECTOR = YES;
				GCC_WARN_UNINITIALIZED_AUTOS = YES_AGGRESSIVE;
				GCC_WARN_UNUSED_FUNCTION = YES;
				GCC_WARN_UNUSED_VARIABLE = YES;
				IPHONEOS_DEPLOYMENT_TARGET = 7.1;
				SDKROOT = iphoneos;
				VALIDATE_PRODUCT = YES;
			};
			name = Release;
		};
		BA367E931990C077001F6764 /* Debug */ = {
			isa = XCBuildConfiguration;
			buildSettings = {
				ASSETCATALOG_COMPILER_APPICON_NAME = AppIcon;
				ASSETCATALOG_COMPILER_LAUNCHIMAGE_NAME = LaunchImage;
				GCC_PRECOMPILE_PREFIX_HEADER = YES;
				GCC_PREFIX_HEADER = "Utilities/Utilities-Prefix.pch";
				INFOPLIST_FILE = "Utilities/Utilities-Info.plist";
				IPHONEOS_DEPLOYMENT_TARGET = 6.0;
				PRODUCT_NAME = "$(TARGET_NAME)";
				WRAPPER_EXTENSION = app;
			};
			name = Debug;
		};
		BA367E941990C077001F6764 /* Release */ = {
			isa = XCBuildConfiguration;
			buildSettings = {
				ASSETCATALOG_COMPILER_APPICON_NAME = AppIcon;
				ASSETCATALOG_COMPILER_LAUNCHIMAGE_NAME = LaunchImage;
				GCC_PRECOMPILE_PREFIX_HEADER = YES;
				GCC_PREFIX_HEADER = "Utilities/Utilities-Prefix.pch";
				INFOPLIST_FILE = "Utilities/Utilities-Info.plist";
				IPHONEOS_DEPLOYMENT_TARGET = 6.0;
				PRODUCT_NAME = "$(TARGET_NAME)";
				WRAPPER_EXTENSION = app;
			};
			name = Release;
		};
		BA367E961990C077001F6764 /* Debug */ = {
			isa = XCBuildConfiguration;
			buildSettings = {
				BUNDLE_LOADER = "$(BUILT_PRODUCTS_DIR)/Utilities.app/Utilities";
				FRAMEWORK_SEARCH_PATHS = (
					"$(SDKROOT)/Developer/Library/Frameworks",
					"$(inherited)",
					"$(DEVELOPER_FRAMEWORKS_DIR)",
				);
				GCC_PRECOMPILE_PREFIX_HEADER = YES;
				GCC_PREFIX_HEADER = "Utilities/Utilities-Prefix.pch";
				GCC_PREPROCESSOR_DEFINITIONS = (
					"DEBUG=1",
					"$(inherited)",
				);
				INFOPLIST_FILE = "UtilitiesTests/UtilitiesTests-Info.plist";
				PRODUCT_NAME = "$(TARGET_NAME)";
				TEST_HOST = "$(BUNDLE_LOADER)";
				WRAPPER_EXTENSION = xctest;
			};
			name = Debug;
		};
		BA367E971990C077001F6764 /* Release */ = {
			isa = XCBuildConfiguration;
			buildSettings = {
				BUNDLE_LOADER = "$(BUILT_PRODUCTS_DIR)/Utilities.app/Utilities";
				FRAMEWORK_SEARCH_PATHS = (
					"$(SDKROOT)/Developer/Library/Frameworks",
					"$(inherited)",
					"$(DEVELOPER_FRAMEWORKS_DIR)",
				);
				GCC_PRECOMPILE_PREFIX_HEADER = YES;
				GCC_PREFIX_HEADER = "Utilities/Utilities-Prefix.pch";
				INFOPLIST_FILE = "UtilitiesTests/UtilitiesTests-Info.plist";
				PRODUCT_NAME = "$(TARGET_NAME)";
				TEST_HOST = "$(BUNDLE_LOADER)";
				WRAPPER_EXTENSION = xctest;
			};
			name = Release;
		};
/* End XCBuildConfiguration section */

/* Begin XCConfigurationList section */
		BA367E5B1990C076001F6764 /* Build configuration list for PBXProject "Utilities" */ = {
			isa = XCConfigurationList;
			buildConfigurations = (
				BA367E901990C077001F6764 /* Debug */,
				BA367E911990C077001F6764 /* Release */,
			);
			defaultConfigurationIsVisible = 0;
			defaultConfigurationName = Release;
		};
		BA367E921990C077001F6764 /* Build configuration list for PBXNativeTarget "Utilities" */ = {
			isa = XCConfigurationList;
			buildConfigurations = (
				BA367E931990C077001F6764 /* Debug */,
				BA367E941990C077001F6764 /* Release */,
			);
			defaultConfigurationIsVisible = 0;
		};
		BA367E951990C077001F6764 /* Build configuration list for PBXNativeTarget "UtilitiesTests" */ = {
			isa = XCConfigurationList;
			buildConfigurations = (
				BA367E961990C077001F6764 /* Debug */,
				BA367E971990C077001F6764 /* Release */,
			);
			defaultConfigurationIsVisible = 0;
		};
/* End XCConfigurationList section */
	};
	rootObject = BA367E581990C076001F6764 /* Project object */;
}
